
Microsoft Visual Studio Solution File, Format Version 12.00
# Visual Studio Version 17
VisualStudioVersion = 17.14.36109.1 d17.14
MinimumVisualStudioVersion = 10.0.40219.1
Project("{8BC9CEB8-8B4A-11D0-8D11-00A0C91BC942}") = "cuadradsycubos", "cuadradsycubos\cuadradsycubos.vcxproj", "{B6FC9304-B3A0-4DE1-B8EB-6294CC8F7072}"
EndProject
Global
	GlobalSection(SolutionConfigurationPlatforms) = preSolution
		Debug|x64 = Debug|x64
		Debug|x86 = Debug|x86
		Release|x64 = Release|x64
		Release|x86 = Release|x86
	EndGlobalSection
	GlobalSection(ProjectConfigurationPlatforms) = postSolution
		{B6FC9304-B3A0-4DE1-B8EB-6294CC8F7072}.Debug|x64.ActiveCfg = Debug|x64
		{B6FC9304-B3A0-4DE1-B8EB-6294CC8F7072}.Debug|x64.Build.0 = Debug|x64
		{B6FC9304-B3A0-4DE1-B8EB-6294CC8F7072}.Debug|x86.ActiveCfg = Debug|Win32
		{B6FC9304-B3A0-4DE1-B8EB-6294CC8F7072}.Debug|x86.Build.0 = Debug|Win32
		{B6FC9304-B3A0-4DE1-B8EB-6294CC8F7072}.Release|x64.ActiveCfg = Release|x64
		{B6FC9304-B3A0-4DE1-B8EB-6294CC8F7072}.Release|x64.Build.0 = Release|x64
		{B6FC9304-B3A0-4DE1-B8EB-6294CC8F7072}.Release|x86.ActiveCfg = Release|Win32
		{B6FC9304-B3A0-4DE1-B8EB-6294CC8F7072}.Release|x86.Build.0 = Release|Win32
	EndGlobalSection
	GlobalSection(SolutionProperties) = preSolution
		HideSolutionNode = FALSE
	EndGlobalSection
	GlobalSection(ExtensibilityGlobals) = postSolution
		SolutionGuid = {082668F4-8863-4A35-B6FB-1732F1B914FC}
	EndGlobalSection
EndGlobal
